
Microsoft Visual Studio Solution File, Format Version 12.00
# Visual Studio Version 16
VisualStudioVersion = 16.0.32510.428
MinimumVisualStudioVersion = 10.0.40219.1
Project("{6989167D-11E4-40FE-8C1A-2192A86A7E90}") = "Github_MOM-PO", "Github_MOM-PO.vfproj", "{E5407D75-7E43-496D-898E-382F897653AA}"
EndProject
Global
	GlobalSection(SolutionConfigurationPlatforms) = preSolution
		Debug|x64 = Debug|x64
		Debug|x86 = Debug|x86
		Release|x64 = Release|x64
		Release|x86 = Release|x86
	EndGlobalSection
	GlobalSection(ProjectConfigurationPlatforms) = postSolution
		{E5407D75-7E43-496D-898E-382F897653AA}.Debug|x64.ActiveCfg = Debug|x64
		{E5407D75-7E43-496D-898E-382F897653AA}.Debug|x64.Build.0 = Debug|x64
		{E5407D75-7E43-496D-898E-382F897653AA}.Debug|x86.ActiveCfg = Debug|Win32
		{E5407D75-7E43-496D-898E-382F897653AA}.Debug|x86.Build.0 = Debug|Win32
		{E5407D75-7E43-496D-898E-382F897653AA}.Release|x64.ActiveCfg = Release|x64
		{E5407D75-7E43-496D-898E-382F897653AA}.Release|x64.Build.0 = Release|x64
		{E5407D75-7E43-496D-898E-382F897653AA}.Release|x86.ActiveCfg = Release|Win32
		{E5407D75-7E43-496D-898E-382F897653AA}.Release|x86.Build.0 = Release|Win32
	EndGlobalSection
	GlobalSection(SolutionProperties) = preSolution
		HideSolutionNode = FALSE
	EndGlobalSection
	GlobalSection(ExtensibilityGlobals) = postSolution
		SolutionGuid = {0F0D8343-1842-490E-AD0C-D1A00C589C10}
	EndGlobalSection
EndGlobal
